{
    "_readme": [
        "This file locks the dependencies of your project to a known state",
        "Read more about it at https://getcomposer.org/doc/01-basic-usage.md#installing-dependencies",
        "This file is @generated automatically"
    ],
    "content-hash": "a14a19e154caf132865a9741a7a8fbf6",
    "packages": [
        {
            "name": "deployer/dist",
            "version": "v7.0.0-rc.4",
            "source": {
                "type": "git",
                "url": "https://github.com/deployphp/distribution.git",
                "reference": "65ede71ee950f2e7a3321d310d0596337a4ad700"
            },
            "dist": {
                "type": "zip",
                "url": "https://api.github.com/repos/deployphp/distribution/zipball/65ede71ee950f2e7a3321d310d0596337a4ad700",
                "reference": "65ede71ee950f2e7a3321d310d0596337a4ad700",
                "shasum": ""
            },
            "replace": {
                "deployer/deployer": "self.version"
            },
            "bin": [
                "dep"
            ],
            "type": "library",
            "notification-url": "https://packagist.org/downloads/",
            "license": [
                "MIT"
            ],
            "authors": [
                {
                    "name": "Anton Medvedev",
                    "email": "anton@medv.io"
                }
            ],
            "description": "Deployer Phar Distribution",
            "homepage": "https://deployer.org",
            "support": {
                "docs": "https://deployer.org/docs",
                "issues": "https://github.com/deployphp/deployer/issues",
                "source": "https://github.com/deployphp/deployer"
            },
            "abandoned": "deployer/deployer",
            "time": "2022-01-13T13:49:11+00:00"
        }
    ],
    "packages-dev": [],
    "aliases": [],
    "minimum-stability": "stable",
    "stability-flags": {
        "deployer/dist": 5
    },
    "prefer-stable": false,
    "prefer-lowest": false,
    "platform": [],
    "platform-dev": [],
    "plugin-api-version": "2.1.0"
}
